// !$*UTF8*$!
{
	archiveVersion = 1;
	classes = {
	};
	objectVersion = 55;
	objects = {

/* Begin PBXBuildFile section */
		28FAE0BB2859C11600F976D2 /* AppDelegate.swift in Sources */ = {isa = PBXBuildFile; fileRef = 28FAE0BA2859C11600F976D2 /* AppDelegate.swift */; };
		28FAE0BD2859C11600F976D2 /* SceneDelegate.swift in Sources */ = {isa = PBXBuildFile; fileRef = 28FAE0BC2859C11600F976D2 /* SceneDelegate.swift */; };
		28FAE0BF2859C11600F976D2 /* ViewController.swift in Sources */ = {isa = PBXBuildFile; fileRef = 28FAE0BE2859C11600F976D2 /* ViewController.swift */; };
		28FAE0C22859C11600F976D2 /* Main.storyboard in Resources */ = {isa = PBXBuildFile; fileRef = 28FAE0C02859C11600F976D2 /* Main.storyboard */; };
		28FAE0C52859C11600F976D2 /* artBookApp.xcdatamodeld in Sources */ = {isa = PBXBuildFile; fileRef = 28FAE0C32859C11600F976D2 /* artBookApp.xcdatamodeld */; };
		28FAE0C72859C11800F976D2 /* Assets.xcassets in Resources */ = {isa = PBXBuildFile; fileRef = 28FAE0C62859C11800F976D2 /* Assets.xcassets */; };
		28FAE0CA2859C11800F976D2 /* LaunchScreen.storyboard in Resources */ = {isa = PBXBuildFile; fileRef = 28FAE0C82859C11800F976D2 /* LaunchScreen.storyboard */; };
		28FAE0D42859C9B900F976D2 /* ViewControllerDetails.swift in Sources */ = {isa = PBXBuildFile; fileRef = 28FAE0D32859C9B900F976D2 /* ViewControllerDetails.swift */; };
/* End PBXBuildFile section */

/* Begin PBXFileReference section */
		28FAE0B72859C11600F976D2 /* artBookApp.app */ = {isa = PBXFileReference; explicitFileType = wrapper.application; includeInIndex = 0; path = artBookApp.app; sourceTree = BUILT_PRODUCTS_DIR; };
		28FAE0BA2859C11600F976D2 /* AppDelegate.swift */ = {isa = PBXFileReference; lastKnownFileType = sourcecode.swift; path = AppDelegate.swift; sourceTree = "<group>"; };
		28FAE0BC2859C11600F976D2 /* SceneDelegate.swift */ = {isa = PBXFileReference; lastKnownFileType = sourcecode.swift; path = SceneDelegate.swift; sourceTree = "<group>"; };
		28FAE0BE2859C11600F976D2 /* ViewController.swift */ = {isa = PBXFileReference; lastKnownFileType = sourcecode.swift; path = ViewController.swift; sourceTree = "<group>"; };
		28FAE0C12859C11600F976D2 /* Base */ = {isa = PBXFileReference; lastKnownFileType = file.storyboard; name = Base; path = Base.lproj/Main.storyboard; sourceTree = "<group>"; };
		28FAE0C42859C11600F976D2 /* artBookApp.xcdatamodel */ = {isa = PBXFileReference; lastKnownFileType = wrapper.xcdatamodel; path = artBookApp.xcdatamodel; sourceTree = "<group>"; };
		28FAE0C62859C11800F976D2 /* Assets.xcassets */ = {isa = PBXFileReference; lastKnownFileType = folder.assetcatalog; path = Assets.xcassets; sourceTree = "<group>"; };
		28FAE0C92859C11800F976D2 /* Base */ = {isa = PBXFileReference; lastKnownFileType = file.storyboard; name = Base; path = Base.lproj/LaunchScreen.storyboard; sourceTree = "<group>"; };
		28FAE0CB2859C11800F976D2 /* Info.plist */ = {isa = PBXFileReference; lastKnownFileType = text.plist.xml; path = Info.plist; sourceTree = "<group>"; };
		28FAE0D32859C9B900F976D2 /* ViewControllerDetails.swift */ = {isa = PBXFileReference; lastKnownFileType = sourcecode.swift; path = ViewControllerDetails.swift; sourceTree = "<group>"; };
/* End PBXFileReference section */

/* Begin PBXFrameworksBuildPhase section */
		28FAE0B42859C11600F976D2 /* Frameworks */ = {
			isa = PBXFrameworksBuildPhase;
			buildActionMask = 2147483647;
			files = (
			);
			runOnlyForDeploymentPostprocessing = 0;
		};
/* End PBXFrameworksBuildPhase section */

/* Begin PBXGroup section */
		28FAE0AE2859C11600F976D2 = {
			isa = PBXGroup;
			children = (
				28FAE0B92859C11600F976D2 /* artBookApp */,
				28FAE0B82859C11600F976D2 /* Products */,
			);
			sourceTree = "<group>";
		};
		28FAE0B82859C11600F976D2 /* Products */ = {
			isa = PBXGroup;
			children = (
				28FAE0B72859C11600F976D2 /* artBookApp.app */,
			);
			name = Products;
			sourceTree = "<group>";
		};
		28FAE0B92859C11600F976D2 /* artBookApp */ = {
			isa = PBXGroup;
			children = (
				28FAE0BA2859C11600F976D2 /* AppDelegate.swift */,
				28FAE0BC2859C11600F976D2 /* SceneDelegate.swift */,
				28FAE0BE2859C11600F976D2 /* ViewController.swift */,
				28FAE0D32859C9B900F976D2 /* ViewControllerDetails.swift */,
				28FAE0C02859C11600F976D2 /* Main.storyboard */,
				28FAE0C62859C11800F976D2 /* Assets.xcassets */,
				28FAE0C82859C11800F976D2 /* LaunchScreen.storyboard */,
				28FAE0CB2859C11800F976D2 /* Info.plist */,
				28FAE0C32859C11600F976D2 /* artBookApp.xcdatamodeld */,
			);
			path = artBookApp;
			sourceTree = "<group>";
		};
/* End PBXGroup section */

/* Begin PBXNativeTarget section */
		28FAE0B62859C11600F976D2 /* artBookApp */ = {
			isa = PBXNativeTarget;
			buildConfigurationList = 28FAE0CE2859C11800F976D2 /* Build configuration list for PBXNativeTarget "artBookApp" */;
			buildPhases = (
				28FAE0B32859C11600F976D2 /* Sources */,
				28FAE0B42859C11600F976D2 /* Frameworks */,
				28FAE0B52859C11600F976D2 /* Resources */,
			);
			buildRules = (
			);
			dependencies = (
			);
			name = artBookApp;
			productName = artBookApp;
			productReference = 28FAE0B72859C11600F976D2 /* artBookApp.app */;
			productType = "com.apple.product-type.application";
		};
/* End PBXNativeTarget section */

/* Begin PBXProject section */
		28FAE0AF2859C11600F976D2 /* Project object */ = {
			isa = PBXProject;
			attributes = {
				BuildIndependentTargetsInParallel = 1;
				LastSwiftUpdateCheck = 1310;
				LastUpgradeCheck = 1310;
				TargetAttributes = {
					28FAE0B62859C11600F976D2 = {
						CreatedOnToolsVersion = 13.1;
					};
				};
			};
			buildConfigurationList = 28FAE0B22859C11600F976D2 /* Build configuration list for PBXProject "artBookApp" */;
			compatibilityVersion = "Xcode 13.0";
			developmentRegion = en;
			hasScannedForEncodings = 0;
			knownRegions = (
				en,
				Base,
			);
			mainGroup = 28FAE0AE2859C11600F976D2;
			productRefGroup = 28FAE0B82859C11600F976D2 /* Products */;
			projectDirPath = "";
			projectRoot = "";
			targets = (
				28FAE0B62859C11600F976D2 /* artBookApp */,
			);
		};
/* End PBXProject section */

/* Begin PBXResourcesBuildPhase section */
		28FAE0B52859C11600F976D2 /* Resources */ = {
			isa = PBXResourcesBuildPhase;
			buildActionMask = 2147483647;
			files = (
				28FAE0CA2859C11800F976D2 /* LaunchScreen.storyboard in Resources */,
				28FAE0C72859C11800F976D2 /* Assets.xcassets in Resources */,
				28FAE0C22859C11600F976D2 /* Main.storyboard in Resources */,
			);
			runOnlyForDeploymentPostprocessing = 0;
		};
/* End PBXResourcesBuildPhase section */

/* Begin PBXSourcesBuildPhase section */
		28FAE0B32859C11600F976D2 /* Sources */ = {
			isa = PBXSourcesBuildPhase;
			buildActionMask = 2147483647;
			files = (
				28FAE0BF2859C11600F976D2 /* ViewController.swift in Sources */,
				28FAE0BB2859C11600F976D2 /* AppDelegate.swift in Sources */,
				28FAE0C52859C11600F976D2 /* artBookApp.xcdatamodeld in Sources */,
				28FAE0BD2859C11600F976D2 /* SceneDelegate.swift in Sources */,
				28FAE0D42859C9B900F976D2 /* ViewControllerDetails.swift in Sources */,
			);
			runOnlyForDeploymentPostprocessing = 0;
		};
/* End PBXSourcesBuildPhase section */

/* Begin PBXVariantGroup section */
		28FAE0C02859C11600F976D2 /* Main.storyboard */ = {
			isa = PBXVariantGroup;
			children = (
				28FAE0C12859C11600F976D2 /* Base */,
			);
			name = Main.storyboard;
			sourceTree = "<group>";
		};
		28FAE0C82859C11800F976D2 /* LaunchScreen.storyboard */ = {
			isa = PBXVariantGroup;
			children = (
				28FAE0C92859C11800F976D2 /* Base */,
			);
			name = LaunchScreen.storyboard;
			sourceTree = "<group>";
		};
/* End PBXVariantGroup section */

/* Begin XCBuildConfiguration section */
		28FAE0CC2859C11800F976D2 /* Debug */ = {
			isa = XCBuildConfiguration;
			buildSettings = {
				ALWAYS_SEARCH_USER_PATHS = NO;
				CLANG_ANALYZER_NONNULL = YES;
				CLANG_ANALYZER_NUMBER_OBJECT_CONVERSION = YES_AGGRESSIVE;
				CLANG_CXX_LANGUAGE_STANDARD = "gnu++17";
				CLANG_CXX_LIBRARY = "libc++";
				CLANG_ENABLE_MODULES = YES;
				CLANG_ENABLE_OBJC_ARC = YES;
				CLANG_ENABLE_OBJC_WEAK = YES;
				CLANG_WARN_BLOCK_CAPTURE_AUTORELEASING = YES;
				CLANG_WARN_BOOL_CONVERSION = YES;
				CLANG_WARN_COMMA = YES;
				CLANG_WARN_CONSTANT_CONVERSION = YES;
				CLANG_WARN_DEPRECATED_OBJC_IMPLEMENTATIONS = YES;
				CLANG_WARN_DIRECT_OBJC_ISA_USAGE = YES_ERROR;
				CLANG_WARN_DOCUMENTATION_COMMENTS = YES;
				CLANG_WARN_EMPTY_BODY = YES;
				CLANG_WARN_ENUM_CONVERSION = YES;
				CLANG_WARN_INFINITE_RECURSION = YES;
				CLANG_WARN_INT_CONVERSION = YES;
				CLANG_WARN_NON_LITERAL_NULL_CONVERSION = YES;
				CLANG_WARN_OBJC_IMPLICIT_RETAIN_SELF = YES;
				CLANG_WARN_OBJC_LITERAL_CONVERSION = YES;
				CLANG_WARN_OBJC_ROOT_CLASS = YES_ERROR;
				CLANG_WARN_QUOTED_INCLUDE_IN_FRAMEWORK_HEADER = YES;
				CLANG_WARN_RANGE_LOOP_ANALYSIS = YES;
				CLANG_WARN_STRICT_PROTOTYPES = YES;
				CLANG_WARN_SUSPICIOUS_MOVE = YES;
				CLANG_WARN_UNGUARDED_AVAILABILITY = YES_AGGRESSIVE;
				CLANG_WARN_UNREACHABLE_CODE = YES;
				CLANG_WARN__DUPLICATE_METHOD_MATCH = YES;
				COPY_PHASE_STRIP = NO;
				DEBUG_INFORMATION_FORMAT = dwarf;
				ENABLE_STRICT_OBJC_MSGSEND = YES;
				ENABLE_TESTABILITY = YES;
				GCC_C_LANGUAGE_STANDARD = gnu11;
				GCC_DYNAMIC_NO_PIC = NO;
				GCC_NO_COMMON_BLOCKS = YES;
				GCC_OPTIMIZATION_LEVEL = 0;
				GCC_PREPROCESSOR_DEFINITIONS = (
					"DEBUG=1",
					"$(inherited)",
				);
				GCC_WARN_64_TO_32_BIT_CONVERSION = YES;
				GCC_WARN_ABOUT_RETURN_TYPE = YES_ERROR;
				GCC_WARN_UNDECLARED_SELECTOR = YES;
				GCC_WARN_UNINITIALIZED_AUTOS = YES_AGGRESSIVE;
				GCC_WARN_UNUSED_FUNCTION = YES;
				GCC_WARN_UNUSED_VARIABLE = YES;
				IPHONEOS_DEPLOYMENT_TARGET = 15.0;
				MTL_ENABLE_DEBUG_INFO = INCLUDE_SOURCE;
				MTL_FAST_MATH = YES;
				ONLY_ACTIVE_ARCH = YES;
				SDKROOT = iphoneos;
				SWIFT_ACTIVE_COMPILATION_CONDITIONS = DEBUG;
				SWIFT_OPTIMIZATION_LEVEL = "-Onone";
			};
			name = Debug;
		};
		28FAE0CD2859C11800F976D2 /* Release */ = {
			isa = XCBuildConfiguration;
			buildSettings = {
				ALWAYS_SEARCH_USER_PATHS = NO;
				CLANG_ANALYZER_NONNULL = YES;
				CLANG_ANALYZER_NUMBER_OBJECT_CONVERSION = YES_AGGRESSIVE;
				CLANG_CXX_LANGUAGE_STANDARD = "gnu++17";
				CLANG_CXX_LIBRARY = "libc++";
				CLANG_ENABLE_MODULES = YES;
				CLANG_ENABLE_OBJC_ARC = YES;
				CLANG_ENABLE_OBJC_WEAK = YES;
				CLANG_WARN_BLOCK_CAPTURE_AUTORELEASING = YES;
				CLANG_WARN_BOOL_CONVERSION = YES;
				CLANG_WARN_COMMA = YES;
				CLANG_WARN_CONSTANT_CONVERSION = YES;
				CLANG_WARN_DEPRECATED_OBJC_IMPLEMENTATIONS = YES;
				CLANG_WARN_DIRECT_OBJC_ISA_USAGE = YES_ERROR;
				CLANG_WARN_DOCUMENTATION_COMMENTS = YES;
				CLANG_WARN_EMPTY_BODY = YES;
				CLANG_WARN_ENUM_CONVERSION = YES;
				CLANG_WARN_INFINITE_RECURSION = YES;
				CLANG_WARN_INT_CONVERSION = YES;
				CLANG_WARN_NON_LITERAL_NULL_CONVERSION = YES;
				CLANG_WARN_OBJC_IMPLICIT_RETAIN_SELF = YES;
				CLANG_WARN_OBJC_LITERAL_CONVERSION = YES;
				CLANG_WARN_OBJC_ROOT_CLASS = YES_ERROR;
				CLANG_WARN_QUOTED_INCLUDE_IN_FRAMEWORK_HEADER = YES;
				CLANG_WARN_RANGE_LOOP_ANALYSIS = YES;
				CLANG_WARN_STRICT_PROTOTYPES = YES;
				CLANG_WARN_SUSPICIOUS_MOVE = YES;
				CLANG_WARN_UNGUARDED_AVAILABILITY = YES_AGGRESSIVE;
				CLANG_WARN_UNREACHABLE_CODE = YES;
				CLANG_WARN__DUPLICATE_METHOD_MATCH = YES;
				COPY_PHASE_STRIP = NO;
				DEBUG_INFORMATION_FORMAT = "dwarf-with-dsym";
				ENABLE_NS_ASSERTIONS = NO;
				ENABLE_STRICT_OBJC_MSGSEND = YES;
				GCC_C_LANGUAGE_STANDARD = gnu11;
				GCC_NO_COMMON_BLOCKS = YES;
				GCC_WARN_64_TO_32_BIT_CONVERSION = YES;
				GCC_WARN_ABOUT_RETURN_TYPE = YES_ERROR;
				GCC_WARN_UNDECLARED_SELECTOR = YES;
				GCC_WARN_UNINITIALIZED_AUTOS = YES_AGGRESSIVE;
				GCC_WARN_UNUSED_FUNCTION = YES;
				GCC_WARN_UNUSED_VARIABLE = YES;
				IPHONEOS_DEPLOYMENT_TARGET = 15.0;
				MTL_ENABLE_DEBUG_INFO = NO;
				MTL_FAST_MATH = YES;
				SDKROOT = iphoneos;
				SWIFT_COMPILATION_MODE = wholemodule;
				SWIFT_OPTIMIZATION_LEVEL = "-O";
				VALIDATE_PRODUCT = YES;
			};
			name = Release;
		};
		28FAE0CF2859C11800F976D2 /* Debug */ = {
			isa = XCBuildConfiguration;
			buildSettings = {
				ASSETCATALOG_COMPILER_APPICON_NAME = AppIcon;
				ASSETCATALOG_COMPILER_GLOBAL_ACCENT_COLOR_NAME = AccentColor;
				CODE_SIGN_STYLE = Automatic;
				CURRENT_PROJECT_VERSION = 1;
				GENERATE_INFOPLIST_FILE = YES;
				INFOPLIST_FILE = artBookApp/Info.plist;
				INFOPLIST_KEY_UIApplicationSupportsIndirectInputEvents = YES;
				INFOPLIST_KEY_UILaunchStoryboardName = LaunchScreen;
				INFOPLIST_KEY_UIMainStoryboardFile = Main;
				INFOPLIST_KEY_UISupportedInterfaceOrientations_iPad = "UIInterfaceOrientationPortrait UIInterfaceOrientationPortraitUpsideDown UIInterfaceOrientationLandscapeLeft UIInterfaceOrientationLandscapeRight";
				INFOPLIST_KEY_UISupportedInterfaceOrientations_iPhone = "UIInterfaceOrientationPortrait UIInterfaceOrientationLandscapeLeft UIInterfaceOrientationLandscapeRight";
				LD_RUNPATH_SEARCH_PATHS = (
					"$(inherited)",
					"@executable_path/Frameworks",
				);
				MARKETING_VERSION = 1.0;
				PRODUCT_BUNDLE_IDENTIFIER = com.tunahanustuntepe.artBookApp;
				PRODUCT_NAME = "$(TARGET_NAME)";
				SWIFT_EMIT_LOC_STRINGS = YES;
				SWIFT_VERSION = 5.0;
				TARGETED_DEVICE_FAMILY = "1,2";
			};
			name = Debug;
		};
		28FAE0D02859C11800F976D2 /* Release */ = {
			isa = XCBuildConfiguration;
			buildSettings = {
				ASSETCATALOG_COMPILER_APPICON_NAME = AppIcon;
				ASSETCATALOG_COMPILER_GLOBAL_ACCENT_COLOR_NAME = AccentColor;
				CODE_SIGN_STYLE = Automatic;
				CURRENT_PROJECT_VERSION = 1;
				GENERATE_INFOPLIST_FILE = YES;
				INFOPLIST_FILE = artBookApp/Info.plist;
				INFOPLIST_KEY_UIApplicationSupportsIndirectInputEvents = YES;
				INFOPLIST_KEY_UILaunchStoryboardName = LaunchScreen;
				INFOPLIST_KEY_UIMainStoryboardFile = Main;
				INFOPLIST_KEY_UISupportedInterfaceOrientations_iPad = "UIInterfaceOrientationPortrait UIInterfaceOrientationPortraitUpsideDown UIInterfaceOrientationLandscapeLeft UIInterfaceOrientationLandscapeRight";
				INFOPLIST_KEY_UISupportedInterfaceOrientations_iPhone = "UIInterfaceOrientationPortrait UIInterfaceOrientationLandscapeLeft UIInterfaceOrientationLandscapeRight";
				LD_RUNPATH_SEARCH_PATHS = (
					"$(inherited)",
					"@executable_path/Frameworks",
				);
				MARKETING_VERSION = 1.0;
				PRODUCT_BUNDLE_IDENTIFIER = com.tunahanustuntepe.artBookApp;
				PRODUCT_NAME = "$(TARGET_NAME)";
				SWIFT_EMIT_LOC_STRINGS = YES;
				SWIFT_VERSION = 5.0;
				TARGETED_DEVICE_FAMILY = "1,2";
			};
			name = Release;
		};
/* End XCBuildConfiguration section */

/* Begin XCConfigurationList section */
		28FAE0B22859C11600F976D2 /* Build configuration list for PBXProject "artBookApp" */ = {
			isa = XCConfigurationList;
			buildConfigurations = (
				28FAE0CC2859C11800F976D2 /* Debug */,
				28FAE0CD2859C11800F976D2 /* Release */,
			);
			defaultConfigurationIsVisible = 0;
			defaultConfigurationName = Release;
		};
		28FAE0CE2859C11800F976D2 /* Build configuration list for PBXNativeTarget "artBookApp" */ = {
			isa = XCConfigurationList;
			buildConfigurations = (
				28FAE0CF2859C11800F976D2 /* Debug */,
				28FAE0D02859C11800F976D2 /* Release */,
			);
			defaultConfigurationIsVisible = 0;
			defaultConfigurationName = Release;
		};
/* End XCConfigurationList section */

/* Begin XCVersionGroup section */
		28FAE0C32859C11600F976D2 /* artBookApp.xcdatamodeld */ = {
			isa = XCVersionGroup;
			children = (
				28FAE0C42859C11600F976D2 /* artBookApp.xcdatamodel */,
			);
			currentVersion = 28FAE0C42859C11600F976D2 /* artBookApp.xcdatamodel */;
			path = artBookApp.xcdatamodeld;
			sourceTree = "<group>";
			versionGroupType = wrapper.xcdatamodel;
		};
/* End XCVersionGroup section */
	};
	rootObject = 28FAE0AF2859C11600F976D2 /* Project object */;
}
